
Microsoft Visual Studio Solution File, Format Version 12.00
# Visual Studio Version 17
VisualStudioVersion = 17.8.34330.188
MinimumVisualStudioVersion = 10.0.40219.1
Project("{FAE04EC0-301F-11D3-BF4B-00C04F79EFBC}") = "lab3", "lab3\lab3.csproj", "{40C69CE9-D1AD-4019-9685-63F1FBA83FF6}"
EndProject
Global
	GlobalSection(SolutionConfigurationPlatforms) = preSolution
		Debug|Any CPU = Debug|Any CPU
		Release|Any CPU = Release|Any CPU
	EndGlobalSection
	GlobalSection(ProjectConfigurationPlatforms) = postSolution
		{40C69CE9-D1AD-4019-9685-63F1FBA83FF6}.Debug|Any CPU.ActiveCfg = Debug|Any CPU
		{40C69CE9-D1AD-4019-9685-63F1FBA83FF6}.Debug|Any CPU.Build.0 = Debug|Any CPU
		{40C69CE9-D1AD-4019-9685-63F1FBA83FF6}.Release|Any CPU.ActiveCfg = Release|Any CPU
		{40C69CE9-D1AD-4019-9685-63F1FBA83FF6}.Release|Any CPU.Build.0 = Release|Any CPU
	EndGlobalSection
	GlobalSection(SolutionProperties) = preSolution
		HideSolutionNode = FALSE
	EndGlobalSection
	GlobalSection(ExtensibilityGlobals) = postSolution
		SolutionGuid = {0AE981D7-5DC4-48DD-B2F4-F4CABFF14EEE}
	EndGlobalSection
EndGlobal
